PODS:
  - TransitionAnimation (6.0.0):
    - TransitionTreasury (~> 6.0.0)
  - TransitionTreasury (6.0.0)

DEPENDENCIES:
  - TransitionAnimation (from `../`)
  - TransitionTreasury (from `../`)

EXTERNAL SOURCES:
  TransitionAnimation:
    :path: "../"
  TransitionTreasury:
    :path: "../"

SPEC CHECKSUMS:
  TransitionAnimation: 6b6e9499b8b5f97bcec03c698f7fce5d0b932221
  TransitionTreasury: dfa23d037df5fe34ccdd7aaf78c24cdb9611660f

PODFILE CHECKSUM: a8cf91f01b6192d3d50628e3cccbcd61902bef12

COCOAPODS: 1.5.3
