PODS:
  - TransitionAnimation (5.0.0):
    - TransitionTreasury (~> 5.0)
  - TransitionTreasury (5.0.0)

DEPENDENCIES:
  - TransitionAnimation (from `../`)
  - TransitionTreasury (from `../`)

EXTERNAL SOURCES:
  TransitionAnimation:
    :path: "../"
  TransitionTreasury:
    :path: "../"

SPEC CHECKSUMS:
  TransitionAnimation: ca18e5be3439f15b77966da87d2cd5390d8cbc53
  TransitionTreasury: 0e36897308d706ea4d67c4c44b5cc47d65f53acc

PODFILE CHECKSUM: a8cf91f01b6192d3d50628e3cccbcd61902bef12

COCOAPODS: 1.5.3
