// !$*UTF8*$!
{
	archiveVersion = 1;
	classes = {
	};
	objectVersion = 46;
	objects = {

/* Begin PBXBuildFile section */
		260B38881C4A907900835CDC /* AppDelegate.swift in Sources */ = {isa = PBXBuildFile; fileRef = 260B38871C4A907900835CDC /* AppDelegate.swift */; };
		260B388A1C4A907900835CDC /* FirstViewController.swift in Sources */ = {isa = PBXBuildFile; fileRef = 260B38891C4A907900835CDC /* FirstViewController.swift */; };
		260B388C1C4A907900835CDC /* SecondViewController.swift in Sources */ = {isa = PBXBuildFile; fileRef = 260B388B1C4A907900835CDC /* SecondViewController.swift */; };
		260B388F1C4A907900835CDC /* Main.storyboard in Resources */ = {isa = PBXBuildFile; fileRef = 260B388D1C4A907900835CDC /* Main.storyboard */; };
		260B38911C4A907900835CDC /* Assets.xcassets in Resources */ = {isa = PBXBuildFile; fileRef = 260B38901C4A907900835CDC /* Assets.xcassets */; };
		260B38941C4A907900835CDC /* LaunchScreen.storyboard in Resources */ = {isa = PBXBuildFile; fileRef = 260B38921C4A907900835CDC /* LaunchScreen.storyboard */; };
		260C69EB1C47C3950077758E /* ScanbotTransitionAnimation.swift in Sources */ = {isa = PBXBuildFile; fileRef = 260C69EA1C47C3950077758E /* ScanbotTransitionAnimation.swift */; };
		260C69ED1C486AE60077758E /* InteractiveViewController.swift in Sources */ = {isa = PBXBuildFile; fileRef = 260C69EC1C486AE60077758E /* InteractiveViewController.swift */; };
		2621D49F1C339A730071B275 /* SecondViewController.swift in Sources */ = {isa = PBXBuildFile; fileRef = 2621D49E1C339A730071B275 /* SecondViewController.swift */; };
		2621D4A11C33B11F0071B275 /* TransitionAnimationHelper.swift in Sources */ = {isa = PBXBuildFile; fileRef = 2621D4A01C33B11F0071B275 /* TransitionAnimationHelper.swift */; };
		262F1DF51C33F74A00E078AE /* TwitterTransitionAnimationTests.swift in Sources */ = {isa = PBXBuildFile; fileRef = 262F1DF41C33F74A00E078AE /* TwitterTransitionAnimationTests.swift */; };
		262F1DF71C33F7E600E078AE /* FadeTransitionAnimationTests.swift in Sources */ = {isa = PBXBuildFile; fileRef = 262F1DF61C33F7E600E078AE /* FadeTransitionAnimationTests.swift */; };
		262F1DF91C33F84000E078AE /* TRNavgationTransitionDelegateTests.swift in Sources */ = {isa = PBXBuildFile; fileRef = 262F1DF81C33F84000E078AE /* TRNavgationTransitionDelegateTests.swift */; };
		262F1DFB1C3403D200E078AE /* TRViewControllerTransitionDelegateTests.swift in Sources */ = {isa = PBXBuildFile; fileRef = 262F1DFA1C3403D200E078AE /* TRViewControllerTransitionDelegateTests.swift */; };
		263B43821C32E54D0093593E /* AppDelegate.swift in Sources */ = {isa = PBXBuildFile; fileRef = 263B43761C32E54D0093593E /* AppDelegate.swift */; };
		263B43831C32E54D0093593E /* Assets.xcassets in Resources */ = {isa = PBXBuildFile; fileRef = 263B43771C32E54D0093593E /* Assets.xcassets */; };
		263B43841C32E54D0093593E /* LaunchScreen.storyboard in Resources */ = {isa = PBXBuildFile; fileRef = 263B43781C32E54D0093593E /* LaunchScreen.storyboard */; };
		263B43851C32E54D0093593E /* Main.storyboard in Resources */ = {isa = PBXBuildFile; fileRef = 263B437A1C32E54D0093593E /* Main.storyboard */; };
		263B43891C32E54D0093593E /* ModalViewController.swift in Sources */ = {isa = PBXBuildFile; fileRef = 263B437F1C32E54D0093593E /* ModalViewController.swift */; };
		263B43941C32E6BD0093593E /* TransitionTreasury.h in Headers */ = {isa = PBXBuildFile; fileRef = 263B43931C32E6BD0093593E /* TransitionTreasury.h */; settings = {ATTRIBUTES = (Public, ); }; };
		265AF7BF1C4B476A00081AD0 /* TransitionTreasury.framework in Frameworks */ = {isa = PBXBuildFile; fileRef = 263B43911C32E6BD0093593E /* TransitionTreasury.framework */; };
		265AF7C01C4B476A00081AD0 /* TransitionTreasury.framework in Embed Frameworks */ = {isa = PBXBuildFile; fileRef = 263B43911C32E6BD0093593E /* TransitionTreasury.framework */; settings = {ATTRIBUTES = (CodeSignOnCopy, RemoveHeadersOnCopy, ); }; };
		2669403B1C43ABF8008A5A5D /* TRStatusBarStyle.swift in Sources */ = {isa = PBXBuildFile; fileRef = 2669403A1C43ABF8008A5A5D /* TRStatusBarStyle.swift */; };
		26978F841C3558CF001B4C25 /* ElevateTransitionAnimation.swift in Sources */ = {isa = PBXBuildFile; fileRef = 26978F7B1C3558CF001B4C25 /* ElevateTransitionAnimation.swift */; };
		26978F851C3558CF001B4C25 /* FadeTransitionAnimation.swift in Sources */ = {isa = PBXBuildFile; fileRef = 26978F7C1C3558CF001B4C25 /* FadeTransitionAnimation.swift */; };
		26978F861C3558CF001B4C25 /* IBanTangTransitionAnimation.swift in Sources */ = {isa = PBXBuildFile; fileRef = 26978F7D1C3558CF001B4C25 /* IBanTangTransitionAnimation.swift */; };
		26978F871C3558CF001B4C25 /* OMINTransitionAnimation.swift in Sources */ = {isa = PBXBuildFile; fileRef = 26978F7E1C3558CF001B4C25 /* OMINTransitionAnimation.swift */; };
		26978F881C3558CF001B4C25 /* PageTransitionAnimation.swift in Sources */ = {isa = PBXBuildFile; fileRef = 26978F7F1C3558CF001B4C25 /* PageTransitionAnimation.swift */; };
		26978F891C3558CF001B4C25 /* PhotoTransitionAnimation.swift in Sources */ = {isa = PBXBuildFile; fileRef = 26978F801C3558CF001B4C25 /* PhotoTransitionAnimation.swift */; };
		26978F8A1C3558CF001B4C25 /* PopTipTransitionAnimation.swift in Sources */ = {isa = PBXBuildFile; fileRef = 26978F811C3558CF001B4C25 /* PopTipTransitionAnimation.swift */; };
		26978F8B1C3558CF001B4C25 /* TaaskyFlipTransitionAnimation.swift in Sources */ = {isa = PBXBuildFile; fileRef = 26978F821C3558CF001B4C25 /* TaaskyFlipTransitionAnimation.swift */; };
		26978F8C1C3558CF001B4C25 /* TwitterTransitionAnimation.swift in Sources */ = {isa = PBXBuildFile; fileRef = 26978F831C3558CF001B4C25 /* TwitterTransitionAnimation.swift */; };
		26C4C6501C36A7AB00151251 /* BlixtTransitionAnimation.swift in Sources */ = {isa = PBXBuildFile; fileRef = 26C4C64F1C36A7AB00151251 /* BlixtTransitionAnimation.swift */; };
		26E0E77D1C3A687B00797517 /* StorehouseTransitionAnimation.swift in Sources */ = {isa = PBXBuildFile; fileRef = 26E0E77C1C3A687B00797517 /* StorehouseTransitionAnimation.swift */; };
		26FDFF171C33C4A600CB3995 /* TransitionTreasuryTests.swift in Sources */ = {isa = PBXBuildFile; fileRef = 26FDFF161C33C4A600CB3995 /* TransitionTreasuryTests.swift */; };
		26FDFF191C33C4A600CB3995 /* TransitionTreasury.framework in Frameworks */ = {isa = PBXBuildFile; fileRef = 263B43911C32E6BD0093593E /* TransitionTreasury.framework */; };
		26FDFF2E1C33C63900CB3995 /* OMINTransitionAnimationTests.swift in Sources */ = {isa = PBXBuildFile; fileRef = 26FDFF2D1C33C63900CB3995 /* OMINTransitionAnimationTests.swift */; };
		26FDFF321C33CCE400CB3995 /* PopTipTransitionAnimationTests.swift in Sources */ = {isa = PBXBuildFile; fileRef = 26FDFF311C33CCE400CB3995 /* PopTipTransitionAnimationTests.swift */; };
		26FDFF341C33CFCA00CB3995 /* MainViewController.swift in Sources */ = {isa = PBXBuildFile; fileRef = 26FDFF331C33CFCA00CB3995 /* MainViewController.swift */; };
		26FDFF361C33D01400CB3995 /* ModalViewController.swift in Sources */ = {isa = PBXBuildFile; fileRef = 26FDFF351C33D01400CB3995 /* ModalViewController.swift */; };
		26FDFF381C33D03D00CB3995 /* SecondViewController.swift in Sources */ = {isa = PBXBuildFile; fileRef = 26FDFF371C33D03D00CB3995 /* SecondViewController.swift */; };
		26FF06AB1C337459003DAC25 /* MainViewController.swift in Sources */ = {isa = PBXBuildFile; fileRef = 26FF06AA1C337459003DAC25 /* MainViewController.swift */; };
		26FF06AC1C33800E003DAC25 /* TransitionTreasury.framework in Frameworks */ = {isa = PBXBuildFile; fileRef = 263B43911C32E6BD0093593E /* TransitionTreasury.framework */; };
		26FF06AD1C33800E003DAC25 /* TransitionTreasury.framework in Embed Frameworks */ = {isa = PBXBuildFile; fileRef = 263B43911C32E6BD0093593E /* TransitionTreasury.framework */; settings = {ATTRIBUTES = (CodeSignOnCopy, RemoveHeadersOnCopy, ); }; };
		26FF06D51C3380DE003DAC25 /* TransitionTreasury.swift in Sources */ = {isa = PBXBuildFile; fileRef = 26FF06C91C3380DE003DAC25 /* TransitionTreasury.swift */; };
		26FF06DA1C3380DE003DAC25 /* TRNavgationTransitionDelegate.swift in Sources */ = {isa = PBXBuildFile; fileRef = 26FF06CE1C3380DE003DAC25 /* TRNavgationTransitionDelegate.swift */; };
		26FF06DB1C3380DE003DAC25 /* TRViewControllerAnimatedTransitioning.swift in Sources */ = {isa = PBXBuildFile; fileRef = 26FF06CF1C3380DE003DAC25 /* TRViewControllerAnimatedTransitioning.swift */; };
		26FF06DE1C3380DE003DAC25 /* TRViewControllerTransitionDelegate.swift in Sources */ = {isa = PBXBuildFile; fileRef = 26FF06D21C3380DE003DAC25 /* TRViewControllerTransitionDelegate.swift */; };
		26FF06DF1C3380DE003DAC25 /* UINavigationController+TRPushPop.swift in Sources */ = {isa = PBXBuildFile; fileRef = 26FF06D31C3380DE003DAC25 /* UINavigationController+TRPushPop.swift */; };
		26FF06E01C3380DE003DAC25 /* UIViewController+TRPresent.swift in Sources */ = {isa = PBXBuildFile; fileRef = 26FF06D41C3380DE003DAC25 /* UIViewController+TRPresent.swift */; };
/* End PBXBuildFile section */

/* Begin PBXContainerItemProxy section */
		265AF7C11C4B476B00081AD0 /* PBXContainerItemProxy */ = {
			isa = PBXContainerItemProxy;
			containerPortal = 26FE2CBA1C26D80C005F4DDC /* Project object */;
			proxyType = 1;
			remoteGlobalIDString = 263B43901C32E6BD0093593E;
			remoteInfo = TransitionTreasury;
		};
		26FDFF1A1C33C4A600CB3995 /* PBXContainerItemProxy */ = {
			isa = PBXContainerItemProxy;
			containerPortal = 26FE2CBA1C26D80C005F4DDC /* Project object */;
			proxyType = 1;
			remoteGlobalIDString = 263B43901C32E6BD0093593E;
			remoteInfo = TransitionTreasury;
		};
		26FDFF2F1C33C71F00CB3995 /* PBXContainerItemProxy */ = {
			isa = PBXContainerItemProxy;
			containerPortal = 26FE2CBA1C26D80C005F4DDC /* Project object */;
			proxyType = 1;
			remoteGlobalIDString = 26FE2CC11C26D80C005F4DDC;
			remoteInfo = TransitionTreasuryDemo;
		};
		26FF06AE1C33800E003DAC25 /* PBXContainerItemProxy */ = {
			isa = PBXContainerItemProxy;
			containerPortal = 26FE2CBA1C26D80C005F4DDC /* Project object */;
			proxyType = 1;
			remoteGlobalIDString = 263B43901C32E6BD0093593E;
			remoteInfo = TransitionTreasury;
		};
/* End PBXContainerItemProxy section */

/* Begin PBXCopyFilesBuildPhase section */
		265AF7C31C4B476B00081AD0 /* Embed Frameworks */ = {
			isa = PBXCopyFilesBuildPhase;
			buildActionMask = 2147483647;
			dstPath = "";
			dstSubfolderSpec = 10;
			files = (
				265AF7C01C4B476A00081AD0 /* TransitionTreasury.framework in Embed Frameworks */,
			);
			name = "Embed Frameworks";
			runOnlyForDeploymentPostprocessing = 0;
		};
		26FF06B01C33800F003DAC25 /* Embed Frameworks */ = {
			isa = PBXCopyFilesBuildPhase;
			buildActionMask = 2147483647;
			dstPath = "";
			dstSubfolderSpec = 10;
			files = (
				26FF06AD1C33800E003DAC25 /* TransitionTreasury.framework in Embed Frameworks */,
			);
			name = "Embed Frameworks";
			runOnlyForDeploymentPostprocessing = 0;
		};
/* End PBXCopyFilesBuildPhase section */

/* Begin PBXFileReference section */
		260B38851C4A907900835CDC /* TransitionTreasuryTabBarDemo.app */ = {isa = PBXFileReference; explicitFileType = wrapper.application; includeInIndex = 0; path = TransitionTreasuryTabBarDemo.app; sourceTree = BUILT_PRODUCTS_DIR; };
		260B38871C4A907900835CDC /* AppDelegate.swift */ = {isa = PBXFileReference; lastKnownFileType = sourcecode.swift; path = AppDelegate.swift; sourceTree = "<group>"; };
		260B38891C4A907900835CDC /* FirstViewController.swift */ = {isa = PBXFileReference; lastKnownFileType = sourcecode.swift; path = FirstViewController.swift; sourceTree = "<group>"; };
		260B388B1C4A907900835CDC /* SecondViewController.swift */ = {isa = PBXFileReference; lastKnownFileType = sourcecode.swift; path = SecondViewController.swift; sourceTree = "<group>"; };
		260B388E1C4A907900835CDC /* Base */ = {isa = PBXFileReference; lastKnownFileType = file.storyboard; name = Base; path = Base.lproj/Main.storyboard; sourceTree = "<group>"; };
		260B38901C4A907900835CDC /* Assets.xcassets */ = {isa = PBXFileReference; lastKnownFileType = folder.assetcatalog; path = Assets.xcassets; sourceTree = "<group>"; };
		260B38931C4A907900835CDC /* Base */ = {isa = PBXFileReference; lastKnownFileType = file.storyboard; name = Base; path = Base.lproj/LaunchScreen.storyboard; sourceTree = "<group>"; };
		260B38951C4A907900835CDC /* Info.plist */ = {isa = PBXFileReference; lastKnownFileType = text.plist.xml; path = Info.plist; sourceTree = "<group>"; };
		260B389B1C4B1BC000835CDC /* README.md */ = {isa = PBXFileReference; fileEncoding = 4; lastKnownFileType = net.daringfireball.markdown; path = README.md; sourceTree = "<group>"; };
		260B389D1C4B1BC900835CDC /* CHANGELOG.md */ = {isa = PBXFileReference; fileEncoding = 4; lastKnownFileType = net.daringfireball.markdown; path = CHANGELOG.md; sourceTree = "<group>"; };
		260B38A01C4B1BD300835CDC /* Advance-Usage.md */ = {isa = PBXFileReference; fileEncoding = 4; lastKnownFileType = net.daringfireball.markdown; path = "Advance-Usage.md"; sourceTree = "<group>"; };
		260B38A11C4B1BD300835CDC /* Animation-Guide.md */ = {isa = PBXFileReference; fileEncoding = 4; lastKnownFileType = net.daringfireball.markdown; path = "Animation-Guide.md"; sourceTree = "<group>"; };
		260B38A21C4B1BD300835CDC /* Basic-Usage.md */ = {isa = PBXFileReference; fileEncoding = 4; lastKnownFileType = net.daringfireball.markdown; path = "Basic-Usage.md"; sourceTree = "<group>"; };
		260B38A31C4B1BD300835CDC /* Home.md */ = {isa = PBXFileReference; fileEncoding = 4; lastKnownFileType = net.daringfireball.markdown; path = Home.md; sourceTree = "<group>"; };
		260B38A41C4B1BD300835CDC /* Introduction.md */ = {isa = PBXFileReference; fileEncoding = 4; lastKnownFileType = net.daringfireball.markdown; path = Introduction.md; sourceTree = "<group>"; };
		260B38A51C4B1BD300835CDC /* TransitionTreasury 1.x README.md */ = {isa = PBXFileReference; fileEncoding = 4; lastKnownFileType = net.daringfireball.markdown; path = "TransitionTreasury 1.x README.md"; sourceTree = "<group>"; };
		260C69EA1C47C3950077758E /* ScanbotTransitionAnimation.swift */ = {isa = PBXFileReference; fileEncoding = 4; lastKnownFileType = sourcecode.swift; path = ScanbotTransitionAnimation.swift; sourceTree = "<group>"; };
		260C69EC1C486AE60077758E /* InteractiveViewController.swift */ = {isa = PBXFileReference; fileEncoding = 4; lastKnownFileType = sourcecode.swift; path = InteractiveViewController.swift; sourceTree = "<group>"; };
		2621D49E1C339A730071B275 /* SecondViewController.swift */ = {isa = PBXFileReference; fileEncoding = 4; lastKnownFileType = sourcecode.swift; path = SecondViewController.swift; sourceTree = "<group>"; };
		2621D4A01C33B11F0071B275 /* TransitionAnimationHelper.swift */ = {isa = PBXFileReference; fileEncoding = 4; lastKnownFileType = sourcecode.swift; path = TransitionAnimationHelper.swift; sourceTree = "<group>"; };
		262F1DF41C33F74A00E078AE /* TwitterTransitionAnimationTests.swift */ = {isa = PBXFileReference; fileEncoding = 4; lastKnownFileType = sourcecode.swift; path = TwitterTransitionAnimationTests.swift; sourceTree = "<group>"; };
		262F1DF61C33F7E600E078AE /* FadeTransitionAnimationTests.swift */ = {isa = PBXFileReference; fileEncoding = 4; lastKnownFileType = sourcecode.swift; path = FadeTransitionAnimationTests.swift; sourceTree = "<group>"; };
		262F1DF81C33F84000E078AE /* TRNavgationTransitionDelegateTests.swift */ = {isa = PBXFileReference; fileEncoding = 4; lastKnownFileType = sourcecode.swift; path = TRNavgationTransitionDelegateTests.swift; sourceTree = "<group>"; };
		262F1DFA1C3403D200E078AE /* TRViewControllerTransitionDelegateTests.swift */ = {isa = PBXFileReference; fileEncoding = 4; lastKnownFileType = sourcecode.swift; path = TRViewControllerTransitionDelegateTests.swift; sourceTree = "<group>"; };
		263B43761C32E54D0093593E /* AppDelegate.swift */ = {isa = PBXFileReference; fileEncoding = 4; lastKnownFileType = sourcecode.swift; path = AppDelegate.swift; sourceTree = "<group>"; };
		263B43771C32E54D0093593E /* Assets.xcassets */ = {isa = PBXFileReference; lastKnownFileType = folder.assetcatalog; path = Assets.xcassets; sourceTree = "<group>"; };
		263B43791C32E54D0093593E /* Base */ = {isa = PBXFileReference; lastKnownFileType = file.storyboard; name = Base; path = Base.lproj/LaunchScreen.storyboard; sourceTree = "<group>"; };
		263B437B1C32E54D0093593E /* Base */ = {isa = PBXFileReference; lastKnownFileType = file.storyboard; name = Base; path = Base.lproj/Main.storyboard; sourceTree = "<group>"; };
		263B437D1C32E54D0093593E /* Info.plist */ = {isa = PBXFileReference; fileEncoding = 4; lastKnownFileType = text.plist.xml; path = Info.plist; sourceTree = "<group>"; };
		263B437F1C32E54D0093593E /* ModalViewController.swift */ = {isa = PBXFileReference; fileEncoding = 4; lastKnownFileType = sourcecode.swift; path = ModalViewController.swift; sourceTree = "<group>"; };
		263B43911C32E6BD0093593E /* TransitionTreasury.framework */ = {isa = PBXFileReference; explicitFileType = wrapper.framework; includeInIndex = 0; path = TransitionTreasury.framework; sourceTree = BUILT_PRODUCTS_DIR; };
		263B43931C32E6BD0093593E /* TransitionTreasury.h */ = {isa = PBXFileReference; lastKnownFileType = sourcecode.c.h; path = TransitionTreasury.h; sourceTree = "<group>"; };
		263B43951C32E6BD0093593E /* Info.plist */ = {isa = PBXFileReference; lastKnownFileType = text.plist.xml; path = Info.plist; sourceTree = "<group>"; };
		2669403A1C43ABF8008A5A5D /* TRStatusBarStyle.swift */ = {isa = PBXFileReference; fileEncoding = 4; lastKnownFileType = sourcecode.swift; path = TRStatusBarStyle.swift; sourceTree = "<group>"; };
		26978F7B1C3558CF001B4C25 /* ElevateTransitionAnimation.swift */ = {isa = PBXFileReference; fileEncoding = 4; lastKnownFileType = sourcecode.swift; path = ElevateTransitionAnimation.swift; sourceTree = "<group>"; };
		26978F7C1C3558CF001B4C25 /* FadeTransitionAnimation.swift */ = {isa = PBXFileReference; fileEncoding = 4; lastKnownFileType = sourcecode.swift; path = FadeTransitionAnimation.swift; sourceTree = "<group>"; };
		26978F7D1C3558CF001B4C25 /* IBanTangTransitionAnimation.swift */ = {isa = PBXFileReference; fileEncoding = 4; lastKnownFileType = sourcecode.swift; path = IBanTangTransitionAnimation.swift; sourceTree = "<group>"; };
		26978F7E1C3558CF001B4C25 /* OMINTransitionAnimation.swift */ = {isa = PBXFileReference; fileEncoding = 4; lastKnownFileType = sourcecode.swift; path = OMINTransitionAnimation.swift; sourceTree = "<group>"; };
		26978F7F1C3558CF001B4C25 /* PageTransitionAnimation.swift */ = {isa = PBXFileReference; fileEncoding = 4; lastKnownFileType = sourcecode.swift; path = PageTransitionAnimation.swift; sourceTree = "<group>"; };
		26978F801C3558CF001B4C25 /* PhotoTransitionAnimation.swift */ = {isa = PBXFileReference; fileEncoding = 4; lastKnownFileType = sourcecode.swift; path = PhotoTransitionAnimation.swift; sourceTree = "<group>"; };
		26978F811C3558CF001B4C25 /* PopTipTransitionAnimation.swift */ = {isa = PBXFileReference; fileEncoding = 4; lastKnownFileType = sourcecode.swift; path = PopTipTransitionAnimation.swift; sourceTree = "<group>"; };
		26978F821C3558CF001B4C25 /* TaaskyFlipTransitionAnimation.swift */ = {isa = PBXFileReference; fileEncoding = 4; lastKnownFileType = sourcecode.swift; path = TaaskyFlipTransitionAnimation.swift; sourceTree = "<group>"; };
		26978F831C3558CF001B4C25 /* TwitterTransitionAnimation.swift */ = {isa = PBXFileReference; fileEncoding = 4; lastKnownFileType = sourcecode.swift; path = TwitterTransitionAnimation.swift; sourceTree = "<group>"; };
		26C4C64F1C36A7AB00151251 /* BlixtTransitionAnimation.swift */ = {isa = PBXFileReference; fileEncoding = 4; lastKnownFileType = sourcecode.swift; path = BlixtTransitionAnimation.swift; sourceTree = "<group>"; };
		26E0E77C1C3A687B00797517 /* StorehouseTransitionAnimation.swift */ = {isa = PBXFileReference; fileEncoding = 4; lastKnownFileType = sourcecode.swift; path = StorehouseTransitionAnimation.swift; sourceTree = "<group>"; };
		26FDFF141C33C4A600CB3995 /* TransitionTreasuryTests.xctest */ = {isa = PBXFileReference; explicitFileType = wrapper.cfbundle; includeInIndex = 0; path = TransitionTreasuryTests.xctest; sourceTree = BUILT_PRODUCTS_DIR; };
		26FDFF161C33C4A600CB3995 /* TransitionTreasuryTests.swift */ = {isa = PBXFileReference; lastKnownFileType = sourcecode.swift; path = TransitionTreasuryTests.swift; sourceTree = "<group>"; };
		26FDFF181C33C4A600CB3995 /* Info.plist */ = {isa = PBXFileReference; lastKnownFileType = text.plist.xml; path = Info.plist; sourceTree = "<group>"; };
		26FDFF2D1C33C63900CB3995 /* OMINTransitionAnimationTests.swift */ = {isa = PBXFileReference; fileEncoding = 4; lastKnownFileType = sourcecode.swift; path = OMINTransitionAnimationTests.swift; sourceTree = "<group>"; };
		26FDFF311C33CCE400CB3995 /* PopTipTransitionAnimationTests.swift */ = {isa = PBXFileReference; fileEncoding = 4; lastKnownFileType = sourcecode.swift; path = PopTipTransitionAnimationTests.swift; sourceTree = "<group>"; };
		26FDFF331C33CFCA00CB3995 /* MainViewController.swift */ = {isa = PBXFileReference; fileEncoding = 4; lastKnownFileType = sourcecode.swift; path = MainViewController.swift; sourceTree = "<group>"; };
		26FDFF351C33D01400CB3995 /* ModalViewController.swift */ = {isa = PBXFileReference; fileEncoding = 4; lastKnownFileType = sourcecode.swift; path = ModalViewController.swift; sourceTree = "<group>"; };
		26FDFF371C33D03D00CB3995 /* SecondViewController.swift */ = {isa = PBXFileReference; fileEncoding = 4; lastKnownFileType = sourcecode.swift; path = SecondViewController.swift; sourceTree = "<group>"; };
		26FE2CC21C26D80C005F4DDC /* TransitionTreasuryDemo.app */ = {isa = PBXFileReference; explicitFileType = wrapper.application; includeInIndex = 0; path = TransitionTreasuryDemo.app; sourceTree = BUILT_PRODUCTS_DIR; };
		26FF06AA1C337459003DAC25 /* MainViewController.swift */ = {isa = PBXFileReference; fileEncoding = 4; lastKnownFileType = sourcecode.swift; path = MainViewController.swift; sourceTree = "<group>"; };
		26FF06C91C3380DE003DAC25 /* TransitionTreasury.swift */ = {isa = PBXFileReference; fileEncoding = 4; lastKnownFileType = sourcecode.swift; path = TransitionTreasury.swift; sourceTree = "<group>"; };
		26FF06CE1C3380DE003DAC25 /* TRNavgationTransitionDelegate.swift */ = {isa = PBXFileReference; fileEncoding = 4; lastKnownFileType = sourcecode.swift; path = TRNavgationTransitionDelegate.swift; sourceTree = "<group>"; };
		26FF06CF1C3380DE003DAC25 /* TRViewControllerAnimatedTransitioning.swift */ = {isa = PBXFileReference; fileEncoding = 4; lastKnownFileType = sourcecode.swift; path = TRViewControllerAnimatedTransitioning.swift; sourceTree = "<group>"; };
		26FF06D21C3380DE003DAC25 /* TRViewControllerTransitionDelegate.swift */ = {isa = PBXFileReference; fileEncoding = 4; lastKnownFileType = sourcecode.swift; path = TRViewControllerTransitionDelegate.swift; sourceTree = "<group>"; };
		26FF06D31C3380DE003DAC25 /* UINavigationController+TRPushPop.swift */ = {isa = PBXFileReference; fileEncoding = 4; lastKnownFileType = sourcecode.swift; path = "UINavigationController+TRPushPop.swift"; sourceTree = "<group>"; };
		26FF06D41C3380DE003DAC25 /* UIViewController+TRPresent.swift */ = {isa = PBXFileReference; fileEncoding = 4; lastKnownFileType = sourcecode.swift; path = "UIViewController+TRPresent.swift"; sourceTree = "<group>"; };
/* End PBXFileReference section */

/* Begin PBXFrameworksBuildPhase section */
		260B38821C4A907900835CDC /* Frameworks */ = {
			isa = PBXFrameworksBuildPhase;
			buildActionMask = 2147483647;
			files = (
				265AF7BF1C4B476A00081AD0 /* TransitionTreasury.framework in Frameworks */,
			);
			runOnlyForDeploymentPostprocessing = 0;
		};
		263B438D1C32E6BD0093593E /* Frameworks */ = {
			isa = PBXFrameworksBuildPhase;
			buildActionMask = 2147483647;
			files = (
			);
			runOnlyForDeploymentPostprocessing = 0;
		};
		26FDFF111C33C4A600CB3995 /* Frameworks */ = {
			isa = PBXFrameworksBuildPhase;
			buildActionMask = 2147483647;
			files = (
				26FDFF191C33C4A600CB3995 /* TransitionTreasury.framework in Frameworks */,
			);
			runOnlyForDeploymentPostprocessing = 0;
		};
		26FE2CBF1C26D80C005F4DDC /* Frameworks */ = {
			isa = PBXFrameworksBuildPhase;
			buildActionMask = 2147483647;
			files = (
				26FF06AC1C33800E003DAC25 /* TransitionTreasury.framework in Frameworks */,
			);
			runOnlyForDeploymentPostprocessing = 0;
		};
/* End PBXFrameworksBuildPhase section */

/* Begin PBXGroup section */
		260B38861C4A907900835CDC /* TransitionTreasuryTabBarDemo */ = {
			isa = PBXGroup;
			children = (
				260B38871C4A907900835CDC /* AppDelegate.swift */,
				260B38891C4A907900835CDC /* FirstViewController.swift */,
				260B388B1C4A907900835CDC /* SecondViewController.swift */,
				260B388D1C4A907900835CDC /* Main.storyboard */,
				260B38901C4A907900835CDC /* Assets.xcassets */,
				260B38921C4A907900835CDC /* LaunchScreen.storyboard */,
				260B38951C4A907900835CDC /* Info.plist */,
			);
			name = TransitionTreasuryTabBarDemo;
			path = TransitionTreasuryTabbarDemo;
			sourceTree = "<group>";
		};
		260B389A1C4B1BB200835CDC /* Document */ = {
			isa = PBXGroup;
			children = (
				260B389F1C4B1BD300835CDC /* Documentation */,
				260B389D1C4B1BC900835CDC /* CHANGELOG.md */,
				260B389B1C4B1BC000835CDC /* README.md */,
			);
			name = Document;
			sourceTree = "<group>";
		};
		260B389F1C4B1BD300835CDC /* Documentation */ = {
			isa = PBXGroup;
			children = (
				260B38A01C4B1BD300835CDC /* Advance-Usage.md */,
				260B38A11C4B1BD300835CDC /* Animation-Guide.md */,
				260B38A21C4B1BD300835CDC /* Basic-Usage.md */,
				260B38A31C4B1BD300835CDC /* Home.md */,
				260B38A41C4B1BD300835CDC /* Introduction.md */,
				260B38A51C4B1BD300835CDC /* TransitionTreasury 1.x README.md */,
			);
			path = Documentation;
			sourceTree = "<group>";
		};
		263B43751C32E54D0093593E /* TransitionTreasuryDemo */ = {
			isa = PBXGroup;
			children = (
				263B43761C32E54D0093593E /* AppDelegate.swift */,
				263B43771C32E54D0093593E /* Assets.xcassets */,
				263B437D1C32E54D0093593E /* Info.plist */,
				263B43781C32E54D0093593E /* LaunchScreen.storyboard */,
				263B437A1C32E54D0093593E /* Main.storyboard */,
				263B437F1C32E54D0093593E /* ModalViewController.swift */,
				26FF06AA1C337459003DAC25 /* MainViewController.swift */,
				2621D49E1C339A730071B275 /* SecondViewController.swift */,
				260C69EC1C486AE60077758E /* InteractiveViewController.swift */,
			);
			path = TransitionTreasuryDemo;
			sourceTree = "<group>";
		};
		263B43921C32E6BD0093593E /* TransitionTreasury */ = {
			isa = PBXGroup;
			children = (
				26978F7A1C3558CF001B4C25 /* TransitionAnimation */,
				26FF06C91C3380DE003DAC25 /* TransitionTreasury.swift */,
				26FF06CF1C3380DE003DAC25 /* TRViewControllerAnimatedTransitioning.swift */,
				26FF06D31C3380DE003DAC25 /* UINavigationController+TRPushPop.swift */,
				26FF06D41C3380DE003DAC25 /* UIViewController+TRPresent.swift */,
				2621D4A01C33B11F0071B275 /* TransitionAnimationHelper.swift */,
				2669403A1C43ABF8008A5A5D /* TRStatusBarStyle.swift */,
				26FF06CE1C3380DE003DAC25 /* TRNavgationTransitionDelegate.swift */,
				26FF06D21C3380DE003DAC25 /* TRViewControllerTransitionDelegate.swift */,
				263B43931C32E6BD0093593E /* TransitionTreasury.h */,
				263B43951C32E6BD0093593E /* Info.plist */,
			);
			path = TransitionTreasury;
			sourceTree = "<group>";
		};
		26978F7A1C3558CF001B4C25 /* TransitionAnimation */ = {
			isa = PBXGroup;
			children = (
				26978F7B1C3558CF001B4C25 /* ElevateTransitionAnimation.swift */,
				26978F7C1C3558CF001B4C25 /* FadeTransitionAnimation.swift */,
				26978F7D1C3558CF001B4C25 /* IBanTangTransitionAnimation.swift */,
				26978F7E1C3558CF001B4C25 /* OMINTransitionAnimation.swift */,
				26978F7F1C3558CF001B4C25 /* PageTransitionAnimation.swift */,
				26978F801C3558CF001B4C25 /* PhotoTransitionAnimation.swift */,
				26978F811C3558CF001B4C25 /* PopTipTransitionAnimation.swift */,
				26978F821C3558CF001B4C25 /* TaaskyFlipTransitionAnimation.swift */,
				26978F831C3558CF001B4C25 /* TwitterTransitionAnimation.swift */,
				26C4C64F1C36A7AB00151251 /* BlixtTransitionAnimation.swift */,
				26E0E77C1C3A687B00797517 /* StorehouseTransitionAnimation.swift */,
				260C69EA1C47C3950077758E /* ScanbotTransitionAnimation.swift */,
			);
			path = TransitionAnimation;
			sourceTree = "<group>";
		};
		26FDFF151C33C4A600CB3995 /* TransitionTreasuryTests */ = {
			isa = PBXGroup;
			children = (
				26FDFF161C33C4A600CB3995 /* TransitionTreasuryTests.swift */,
				26FDFF181C33C4A600CB3995 /* Info.plist */,
				26FDFF2D1C33C63900CB3995 /* OMINTransitionAnimationTests.swift */,
				26FDFF311C33CCE400CB3995 /* PopTipTransitionAnimationTests.swift */,
				262F1DF41C33F74A00E078AE /* TwitterTransitionAnimationTests.swift */,
				26FDFF331C33CFCA00CB3995 /* MainViewController.swift */,
				26FDFF351C33D01400CB3995 /* ModalViewController.swift */,
				26FDFF371C33D03D00CB3995 /* SecondViewController.swift */,
				262F1DF61C33F7E600E078AE /* FadeTransitionAnimationTests.swift */,
				262F1DF81C33F84000E078AE /* TRNavgationTransitionDelegateTests.swift */,
				262F1DFA1C3403D200E078AE /* TRViewControllerTransitionDelegateTests.swift */,
			);
			path = TransitionTreasuryTests;
			sourceTree = "<group>";
		};
		26FE2CB91C26D80C005F4DDC = {
			isa = PBXGroup;
			children = (
				260B389A1C4B1BB200835CDC /* Document */,
				263B43921C32E6BD0093593E /* TransitionTreasury */,
				263B43751C32E54D0093593E /* TransitionTreasuryDemo */,
				260B38861C4A907900835CDC /* TransitionTreasuryTabBarDemo */,
				26FDFF151C33C4A600CB3995 /* TransitionTreasuryTests */,
				26FE2CC31C26D80C005F4DDC /* Products */,
			);
			sourceTree = "<group>";
		};
		26FE2CC31C26D80C005F4DDC /* Products */ = {
			isa = PBXGroup;
			children = (
				26FE2CC21C26D80C005F4DDC /* TransitionTreasuryDemo.app */,
				263B43911C32E6BD0093593E /* TransitionTreasury.framework */,
				26FDFF141C33C4A600CB3995 /* TransitionTreasuryTests.xctest */,
				260B38851C4A907900835CDC /* TransitionTreasuryTabBarDemo.app */,
			);
			name = Products;
			sourceTree = "<group>";
		};
/* End PBXGroup section */

/* Begin PBXHeadersBuildPhase section */
		263B438E1C32E6BD0093593E /* Headers */ = {
			isa = PBXHeadersBuildPhase;
			buildActionMask = 2147483647;
			files = (
				263B43941C32E6BD0093593E /* TransitionTreasury.h in Headers */,
			);
			runOnlyForDeploymentPostprocessing = 0;
		};
/* End PBXHeadersBuildPhase section */

/* Begin PBXNativeTarget section */
		260B38841C4A907900835CDC /* TransitionTreasuryTabBarDemo */ = {
			isa = PBXNativeTarget;
			buildConfigurationList = 260B38981C4A907900835CDC /* Build configuration list for PBXNativeTarget "TransitionTreasuryTabBarDemo" */;
			buildPhases = (
				260B38811C4A907900835CDC /* Sources */,
				260B38821C4A907900835CDC /* Frameworks */,
				260B38831C4A907900835CDC /* Resources */,
				265AF7C31C4B476B00081AD0 /* Embed Frameworks */,
			);
			buildRules = (
			);
			dependencies = (
				265AF7C21C4B476B00081AD0 /* PBXTargetDependency */,
			);
			name = TransitionTreasuryTabBarDemo;
			productName = TransitionTreasuryTabbarDemo;
			productReference = 260B38851C4A907900835CDC /* TransitionTreasuryTabBarDemo.app */;
			productType = "com.apple.product-type.application";
		};
		263B43901C32E6BD0093593E /* TransitionTreasury */ = {
			isa = PBXNativeTarget;
			buildConfigurationList = 263B43961C32E6BD0093593E /* Build configuration list for PBXNativeTarget "TransitionTreasury" */;
			buildPhases = (
				263B438C1C32E6BD0093593E /* Sources */,
				263B438D1C32E6BD0093593E /* Frameworks */,
				263B438E1C32E6BD0093593E /* Headers */,
				263B438F1C32E6BD0093593E /* Resources */,
			);
			buildRules = (
			);
			dependencies = (
			);
			name = TransitionTreasury;
			productName = TransitionTreasury;
			productReference = 263B43911C32E6BD0093593E /* TransitionTreasury.framework */;
			productType = "com.apple.product-type.framework";
		};
		26FDFF131C33C4A600CB3995 /* TransitionTreasuryTests */ = {
			isa = PBXNativeTarget;
			buildConfigurationList = 26FDFF1E1C33C4A600CB3995 /* Build configuration list for PBXNativeTarget "TransitionTreasuryTests" */;
			buildPhases = (
				26FDFF101C33C4A600CB3995 /* Sources */,
				26FDFF111C33C4A600CB3995 /* Frameworks */,
				26FDFF121C33C4A600CB3995 /* Resources */,
			);
			buildRules = (
			);
			dependencies = (
				26FDFF1B1C33C4A600CB3995 /* PBXTargetDependency */,
				26FDFF301C33C71F00CB3995 /* PBXTargetDependency */,
			);
			name = TransitionTreasuryTests;
			productName = TransitionTreasuryTests;
			productReference = 26FDFF141C33C4A600CB3995 /* TransitionTreasuryTests.xctest */;
			productType = "com.apple.product-type.bundle.unit-test";
		};
		26FE2CC11C26D80C005F4DDC /* TransitionTreasuryDemo */ = {
			isa = PBXNativeTarget;
			buildConfigurationList = 26FE2CD41C26D80C005F4DDC /* Build configuration list for PBXNativeTarget "TransitionTreasuryDemo" */;
			buildPhases = (
				26FE2CBE1C26D80C005F4DDC /* Sources */,
				26FE2CBF1C26D80C005F4DDC /* Frameworks */,
				26FE2CC01C26D80C005F4DDC /* Resources */,
				26FF06B01C33800F003DAC25 /* Embed Frameworks */,
			);
			buildRules = (
			);
			dependencies = (
				26FF06AF1C33800E003DAC25 /* PBXTargetDependency */,
			);
			name = TransitionTreasuryDemo;
			productName = TransitionTreasury;
			productReference = 26FE2CC21C26D80C005F4DDC /* TransitionTreasuryDemo.app */;
			productType = "com.apple.product-type.application";
		};
/* End PBXNativeTarget section */

/* Begin PBXProject section */
		26FE2CBA1C26D80C005F4DDC /* Project object */ = {
			isa = PBXProject;
			attributes = {
				LastSwiftUpdateCheck = 0720;
				LastUpgradeCheck = 0720;
				ORGANIZATIONNAME = TransitionTreasury;
				TargetAttributes = {
					260B38841C4A907900835CDC = {
						CreatedOnToolsVersion = 7.2;
					};
					263B43901C32E6BD0093593E = {
						CreatedOnToolsVersion = 7.2;
					};
					26FDFF131C33C4A600CB3995 = {
						CreatedOnToolsVersion = 7.2;
						DevelopmentTeam = HY634B3FW2;
					};
					26FE2CC11C26D80C005F4DDC = {
						CreatedOnToolsVersion = 7.2;
					};
				};
			};
			buildConfigurationList = 26FE2CBD1C26D80C005F4DDC /* Build configuration list for PBXProject "TransitionTreasury" */;
			compatibilityVersion = "Xcode 3.2";
			developmentRegion = English;
			hasScannedForEncodings = 0;
			knownRegions = (
				en,
				Base,
			);
			mainGroup = 26FE2CB91C26D80C005F4DDC;
			productRefGroup = 26FE2CC31C26D80C005F4DDC /* Products */;
			projectDirPath = "";
			projectRoot = "";
			targets = (
				263B43901C32E6BD0093593E /* TransitionTreasury */,
				26FE2CC11C26D80C005F4DDC /* TransitionTreasuryDemo */,
				260B38841C4A907900835CDC /* TransitionTreasuryTabBarDemo */,
				26FDFF131C33C4A600CB3995 /* TransitionTreasuryTests */,
			);
		};
/* End PBXProject section */

/* Begin PBXResourcesBuildPhase section */
		260B38831C4A907900835CDC /* Resources */ = {
			isa = PBXResourcesBuildPhase;
			buildActionMask = 2147483647;
			files = (
				260B38941C4A907900835CDC /* LaunchScreen.storyboard in Resources */,
				260B38911C4A907900835CDC /* Assets.xcassets in Resources */,
				260B388F1C4A907900835CDC /* Main.storyboard in Resources */,
			);
			runOnlyForDeploymentPostprocessing = 0;
		};
		263B438F1C32E6BD0093593E /* Resources */ = {
			isa = PBXResourcesBuildPhase;
			buildActionMask = 2147483647;
			files = (
			);
			runOnlyForDeploymentPostprocessing = 0;
		};
		26FDFF121C33C4A600CB3995 /* Resources */ = {
			isa = PBXResourcesBuildPhase;
			buildActionMask = 2147483647;
			files = (
			);
			runOnlyForDeploymentPostprocessing = 0;
		};
		26FE2CC01C26D80C005F4DDC /* Resources */ = {
			isa = PBXResourcesBuildPhase;
			buildActionMask = 2147483647;
			files = (
				263B43831C32E54D0093593E /* Assets.xcassets in Resources */,
				263B43851C32E54D0093593E /* Main.storyboard in Resources */,
				263B43841C32E54D0093593E /* LaunchScreen.storyboard in Resources */,
			);
			runOnlyForDeploymentPostprocessing = 0;
		};
/* End PBXResourcesBuildPhase section */

/* Begin PBXSourcesBuildPhase section */
		260B38811C4A907900835CDC /* Sources */ = {
			isa = PBXSourcesBuildPhase;
			buildActionMask = 2147483647;
			files = (
				260B388C1C4A907900835CDC /* SecondViewController.swift in Sources */,
				260B38881C4A907900835CDC /* AppDelegate.swift in Sources */,
				260B388A1C4A907900835CDC /* FirstViewController.swift in Sources */,
			);
			runOnlyForDeploymentPostprocessing = 0;
		};
		263B438C1C32E6BD0093593E /* Sources */ = {
			isa = PBXSourcesBuildPhase;
			buildActionMask = 2147483647;
			files = (
				26978F881C3558CF001B4C25 /* PageTransitionAnimation.swift in Sources */,
				26978F891C3558CF001B4C25 /* PhotoTransitionAnimation.swift in Sources */,
				26E0E77D1C3A687B00797517 /* StorehouseTransitionAnimation.swift in Sources */,
				26978F8C1C3558CF001B4C25 /* TwitterTransitionAnimation.swift in Sources */,
				260C69EB1C47C3950077758E /* ScanbotTransitionAnimation.swift in Sources */,
				26978F841C3558CF001B4C25 /* ElevateTransitionAnimation.swift in Sources */,
				26978F861C3558CF001B4C25 /* IBanTangTransitionAnimation.swift in Sources */,
				26C4C6501C36A7AB00151251 /* BlixtTransitionAnimation.swift in Sources */,
				26FF06E01C3380DE003DAC25 /* UIViewController+TRPresent.swift in Sources */,
				26978F871C3558CF001B4C25 /* OMINTransitionAnimation.swift in Sources */,
				26FF06DB1C3380DE003DAC25 /* TRViewControllerAnimatedTransitioning.swift in Sources */,
				26978F8A1C3558CF001B4C25 /* PopTipTransitionAnimation.swift in Sources */,
				26978F8B1C3558CF001B4C25 /* TaaskyFlipTransitionAnimation.swift in Sources */,
				26FF06DE1C3380DE003DAC25 /* TRViewControllerTransitionDelegate.swift in Sources */,
				26FF06DF1C3380DE003DAC25 /* UINavigationController+TRPushPop.swift in Sources */,
				26978F851C3558CF001B4C25 /* FadeTransitionAnimation.swift in Sources */,
				26FF06D51C3380DE003DAC25 /* TransitionTreasury.swift in Sources */,
				2669403B1C43ABF8008A5A5D /* TRStatusBarStyle.swift in Sources */,
				26FF06DA1C3380DE003DAC25 /* TRNavgationTransitionDelegate.swift in Sources */,
				2621D4A11C33B11F0071B275 /* TransitionAnimationHelper.swift in Sources */,
			);
			runOnlyForDeploymentPostprocessing = 0;
		};
		26FDFF101C33C4A600CB3995 /* Sources */ = {
			isa = PBXSourcesBuildPhase;
			buildActionMask = 2147483647;
			files = (
				26FDFF381C33D03D00CB3995 /* SecondViewController.swift in Sources */,
				262F1DF51C33F74A00E078AE /* TwitterTransitionAnimationTests.swift in Sources */,
				262F1DFB1C3403D200E078AE /* TRViewControllerTransitionDelegateTests.swift in Sources */,
				26FDFF321C33CCE400CB3995 /* PopTipTransitionAnimationTests.swift in Sources */,
				26FDFF361C33D01400CB3995 /* ModalViewController.swift in Sources */,
				262F1DF91C33F84000E078AE /* TRNavgationTransitionDelegateTests.swift in Sources */,
				26FDFF2E1C33C63900CB3995 /* OMINTransitionAnimationTests.swift in Sources */,
				26FDFF171C33C4A600CB3995 /* TransitionTreasuryTests.swift in Sources */,
				26FDFF341C33CFCA00CB3995 /* MainViewController.swift in Sources */,
				262F1DF71C33F7E600E078AE /* FadeTransitionAnimationTests.swift in Sources */,
			);
			runOnlyForDeploymentPostprocessing = 0;
		};
		26FE2CBE1C26D80C005F4DDC /* Sources */ = {
			isa = PBXSourcesBuildPhase;
			buildActionMask = 2147483647;
			files = (
				260C69ED1C486AE60077758E /* InteractiveViewController.swift in Sources */,
				2621D49F1C339A730071B275 /* SecondViewController.swift in Sources */,
				26FF06AB1C337459003DAC25 /* MainViewController.swift in Sources */,
				263B43821C32E54D0093593E /* AppDelegate.swift in Sources */,
				263B43891C32E54D0093593E /* ModalViewController.swift in Sources */,
			);
			runOnlyForDeploymentPostprocessing = 0;
		};
/* End PBXSourcesBuildPhase section */

/* Begin PBXTargetDependency section */
		265AF7C21C4B476B00081AD0 /* PBXTargetDependency */ = {
			isa = PBXTargetDependency;
			target = 263B43901C32E6BD0093593E /* TransitionTreasury */;
			targetProxy = 265AF7C11C4B476B00081AD0 /* PBXContainerItemProxy */;
		};
		26FDFF1B1C33C4A600CB3995 /* PBXTargetDependency */ = {
			isa = PBXTargetDependency;
			target = 263B43901C32E6BD0093593E /* TransitionTreasury */;
			targetProxy = 26FDFF1A1C33C4A600CB3995 /* PBXContainerItemProxy */;
		};
		26FDFF301C33C71F00CB3995 /* PBXTargetDependency */ = {
			isa = PBXTargetDependency;
			target = 26FE2CC11C26D80C005F4DDC /* TransitionTreasuryDemo */;
			targetProxy = 26FDFF2F1C33C71F00CB3995 /* PBXContainerItemProxy */;
		};
		26FF06AF1C33800E003DAC25 /* PBXTargetDependency */ = {
			isa = PBXTargetDependency;
			target = 263B43901C32E6BD0093593E /* TransitionTreasury */;
			targetProxy = 26FF06AE1C33800E003DAC25 /* PBXContainerItemProxy */;
		};
/* End PBXTargetDependency section */

/* Begin PBXVariantGroup section */
		260B388D1C4A907900835CDC /* Main.storyboard */ = {
			isa = PBXVariantGroup;
			children = (
				260B388E1C4A907900835CDC /* Base */,
			);
			name = Main.storyboard;
			sourceTree = "<group>";
		};
		260B38921C4A907900835CDC /* LaunchScreen.storyboard */ = {
			isa = PBXVariantGroup;
			children = (
				260B38931C4A907900835CDC /* Base */,
			);
			name = LaunchScreen.storyboard;
			sourceTree = "<group>";
		};
		263B43781C32E54D0093593E /* LaunchScreen.storyboard */ = {
			isa = PBXVariantGroup;
			children = (
				263B43791C32E54D0093593E /* Base */,
			);
			name = LaunchScreen.storyboard;
			sourceTree = "<group>";
		};
		263B437A1C32E54D0093593E /* Main.storyboard */ = {
			isa = PBXVariantGroup;
			children = (
				263B437B1C32E54D0093593E /* Base */,
			);
			name = Main.storyboard;
			sourceTree = "<group>";
		};
/* End PBXVariantGroup section */

/* Begin XCBuildConfiguration section */
		260B38961C4A907900835CDC /* Debug */ = {
			isa = XCBuildConfiguration;
			buildSettings = {
				ASSETCATALOG_COMPILER_APPICON_NAME = AppIcon;
				CODE_SIGN_IDENTITY = "iPhone Developer";
				"CODE_SIGN_IDENTITY[sdk=iphoneos*]" = "iPhone Developer";
				EMBEDDED_CONTENT_CONTAINS_SWIFT = YES;
				INFOPLIST_FILE = TransitionTreasuryTabbarDemo/Info.plist;
				IPHONEOS_DEPLOYMENT_TARGET = 8.0;
				LD_RUNPATH_SEARCH_PATHS = "$(inherited) @executable_path/Frameworks";
				PRODUCT_BUNDLE_IDENTIFIER = org.dianqk.TransitionTreasuryTabBarDemo;
				PRODUCT_NAME = "$(TARGET_NAME)";
				PROVISIONING_PROFILE = "";
			};
			name = Debug;
		};
		260B38971C4A907900835CDC /* Release */ = {
			isa = XCBuildConfiguration;
			buildSettings = {
				ASSETCATALOG_COMPILER_APPICON_NAME = AppIcon;
				CODE_SIGN_IDENTITY = "iPhone Developer";
				"CODE_SIGN_IDENTITY[sdk=iphoneos*]" = "iPhone Developer";
				EMBEDDED_CONTENT_CONTAINS_SWIFT = YES;
				INFOPLIST_FILE = TransitionTreasuryTabbarDemo/Info.plist;
				IPHONEOS_DEPLOYMENT_TARGET = 8.0;
				LD_RUNPATH_SEARCH_PATHS = "$(inherited) @executable_path/Frameworks";
				PRODUCT_BUNDLE_IDENTIFIER = org.dianqk.TransitionTreasuryTabBarDemo;
				PRODUCT_NAME = "$(TARGET_NAME)";
				PROVISIONING_PROFILE = "";
			};
			name = Release;
		};
		263B43971C32E6BD0093593E /* Debug */ = {
			isa = XCBuildConfiguration;
			buildSettings = {
				CLANG_ENABLE_MODULES = YES;
				CODE_SIGN_IDENTITY = "iPhone Developer";
				"CODE_SIGN_IDENTITY[sdk=iphoneos*]" = "iPhone Developer";
				CURRENT_PROJECT_VERSION = 1;
				DEFINES_MODULE = YES;
				DYLIB_COMPATIBILITY_VERSION = 1;
				DYLIB_CURRENT_VERSION = 1;
				DYLIB_INSTALL_NAME_BASE = "@rpath";
				INFOPLIST_FILE = TransitionTreasury/Info.plist;
				INSTALL_PATH = "$(LOCAL_LIBRARY_DIR)/Frameworks";
				IPHONEOS_DEPLOYMENT_TARGET = 8.0;
				LD_RUNPATH_SEARCH_PATHS = "$(inherited) @executable_path/Frameworks @loader_path/Frameworks";
				PRODUCT_BUNDLE_IDENTIFIER = com.transitiontreasury.TransitionTreasury;
				PRODUCT_NAME = "$(TARGET_NAME)";
				SKIP_INSTALL = YES;
				SWIFT_OPTIMIZATION_LEVEL = "-Onone";
				TARGETED_DEVICE_FAMILY = "1,2";
				VERSIONING_SYSTEM = "apple-generic";
				VERSION_INFO_PREFIX = "";
			};
			name = Debug;
		};
		263B43981C32E6BD0093593E /* Release */ = {
			isa = XCBuildConfiguration;
			buildSettings = {
				CLANG_ENABLE_MODULES = YES;
				CODE_SIGN_IDENTITY = "iPhone Developer";
				"CODE_SIGN_IDENTITY[sdk=iphoneos*]" = "iPhone Developer";
				CURRENT_PROJECT_VERSION = 1;
				DEFINES_MODULE = YES;
				DYLIB_COMPATIBILITY_VERSION = 1;
				DYLIB_CURRENT_VERSION = 1;
				DYLIB_INSTALL_NAME_BASE = "@rpath";
				INFOPLIST_FILE = TransitionTreasury/Info.plist;
				INSTALL_PATH = "$(LOCAL_LIBRARY_DIR)/Frameworks";
				IPHONEOS_DEPLOYMENT_TARGET = 8.0;
				LD_RUNPATH_SEARCH_PATHS = "$(inherited) @executable_path/Frameworks @loader_path/Frameworks";
				PRODUCT_BUNDLE_IDENTIFIER = com.transitiontreasury.TransitionTreasury;
				PRODUCT_NAME = "$(TARGET_NAME)";
				SKIP_INSTALL = YES;
				TARGETED_DEVICE_FAMILY = "1,2";
				VERSIONING_SYSTEM = "apple-generic";
				VERSION_INFO_PREFIX = "";
			};
			name = Release;
		};
		26FDFF1C1C33C4A600CB3995 /* Debug */ = {
			isa = XCBuildConfiguration;
			buildSettings = {
				INFOPLIST_FILE = TransitionTreasuryTests/Info.plist;
				IPHONEOS_DEPLOYMENT_TARGET = 9.2;
				LD_RUNPATH_SEARCH_PATHS = "$(inherited) @executable_path/Frameworks @loader_path/Frameworks";
				PRODUCT_BUNDLE_IDENTIFIER = com.transitiontreasury.TransitionTreasuryTests;
				PRODUCT_NAME = "$(TARGET_NAME)";
			};
			name = Debug;
		};
		26FDFF1D1C33C4A600CB3995 /* Release */ = {
			isa = XCBuildConfiguration;
			buildSettings = {
				INFOPLIST_FILE = TransitionTreasuryTests/Info.plist;
				IPHONEOS_DEPLOYMENT_TARGET = 9.2;
				LD_RUNPATH_SEARCH_PATHS = "$(inherited) @executable_path/Frameworks @loader_path/Frameworks";
				PRODUCT_BUNDLE_IDENTIFIER = com.transitiontreasury.TransitionTreasuryTests;
				PRODUCT_NAME = "$(TARGET_NAME)";
			};
			name = Release;
		};
		26FE2CD21C26D80C005F4DDC /* Debug */ = {
			isa = XCBuildConfiguration;
			buildSettings = {
				ALWAYS_SEARCH_USER_PATHS = NO;
				CLANG_CXX_LANGUAGE_STANDARD = "gnu++0x";
				CLANG_CXX_LIBRARY = "libc++";
				CLANG_ENABLE_MODULES = YES;
				CLANG_ENABLE_OBJC_ARC = YES;
				CLANG_WARN_BOOL_CONVERSION = YES;
				CLANG_WARN_CONSTANT_CONVERSION = YES;
				CLANG_WARN_DIRECT_OBJC_ISA_USAGE = YES_ERROR;
				CLANG_WARN_EMPTY_BODY = YES;
				CLANG_WARN_ENUM_CONVERSION = YES;
				CLANG_WARN_INT_CONVERSION = YES;
				CLANG_WARN_OBJC_ROOT_CLASS = YES_ERROR;
				CLANG_WARN_UNREACHABLE_CODE = YES;
				CLANG_WARN__DUPLICATE_METHOD_MATCH = YES;
				"CODE_SIGN_IDENTITY[sdk=iphoneos*]" = "iPhone Developer";
				COPY_PHASE_STRIP = NO;
				DEBUG_INFORMATION_FORMAT = dwarf;
				ENABLE_STRICT_OBJC_MSGSEND = YES;
				ENABLE_TESTABILITY = YES;
				GCC_C_LANGUAGE_STANDARD = gnu99;
				GCC_DYNAMIC_NO_PIC = NO;
				GCC_NO_COMMON_BLOCKS = YES;
				GCC_OPTIMIZATION_LEVEL = 0;
				GCC_PREPROCESSOR_DEFINITIONS = (
					"DEBUG=1",
					"$(inherited)",
				);
				GCC_WARN_64_TO_32_BIT_CONVERSION = YES;
				GCC_WARN_ABOUT_RETURN_TYPE = YES_ERROR;
				GCC_WARN_UNDECLARED_SELECTOR = YES;
				GCC_WARN_UNINITIALIZED_AUTOS = YES_AGGRESSIVE;
				GCC_WARN_UNUSED_FUNCTION = YES;
				GCC_WARN_UNUSED_VARIABLE = YES;
				IPHONEOS_DEPLOYMENT_TARGET = 8.0;
				MTL_ENABLE_DEBUG_INFO = YES;
				ONLY_ACTIVE_ARCH = YES;
				SDKROOT = iphoneos;
				SWIFT_OPTIMIZATION_LEVEL = "-Onone";
			};
			name = Debug;
		};
		26FE2CD31C26D80C005F4DDC /* Release */ = {
			isa = XCBuildConfiguration;
			buildSettings = {
				ALWAYS_SEARCH_USER_PATHS = NO;
				CLANG_CXX_LANGUAGE_STANDARD = "gnu++0x";
				CLANG_CXX_LIBRARY = "libc++";
				CLANG_ENABLE_MODULES = YES;
				CLANG_ENABLE_OBJC_ARC = YES;
				CLANG_WARN_BOOL_CONVERSION = YES;
				CLANG_WARN_CONSTANT_CONVERSION = YES;
				CLANG_WARN_DIRECT_OBJC_ISA_USAGE = YES_ERROR;
				CLANG_WARN_EMPTY_BODY = YES;
				CLANG_WARN_ENUM_CONVERSION = YES;
				CLANG_WARN_INT_CONVERSION = YES;
				CLANG_WARN_OBJC_ROOT_CLASS = YES_ERROR;
				CLANG_WARN_UNREACHABLE_CODE = YES;
				CLANG_WARN__DUPLICATE_METHOD_MATCH = YES;
				"CODE_SIGN_IDENTITY[sdk=iphoneos*]" = "iPhone Developer";
				COPY_PHASE_STRIP = NO;
				DEBUG_INFORMATION_FORMAT = "dwarf-with-dsym";
				ENABLE_NS_ASSERTIONS = NO;
				ENABLE_STRICT_OBJC_MSGSEND = YES;
				GCC_C_LANGUAGE_STANDARD = gnu99;
				GCC_NO_COMMON_BLOCKS = YES;
				GCC_WARN_64_TO_32_BIT_CONVERSION = YES;
				GCC_WARN_ABOUT_RETURN_TYPE = YES_ERROR;
				GCC_WARN_UNDECLARED_SELECTOR = YES;
				GCC_WARN_UNINITIALIZED_AUTOS = YES_AGGRESSIVE;
				GCC_WARN_UNUSED_FUNCTION = YES;
				GCC_WARN_UNUSED_VARIABLE = YES;
				IPHONEOS_DEPLOYMENT_TARGET = 8.0;
				MTL_ENABLE_DEBUG_INFO = NO;
				SDKROOT = iphoneos;
				VALIDATE_PRODUCT = YES;
			};
			name = Release;
		};
		26FE2CD51C26D80C005F4DDC /* Debug */ = {
			isa = XCBuildConfiguration;
			buildSettings = {
				ASSETCATALOG_COMPILER_APPICON_NAME = AppIcon;
				CODE_SIGN_IDENTITY = "iPhone Developer";
				"CODE_SIGN_IDENTITY[sdk=iphoneos*]" = "iPhone Developer";
				EMBEDDED_CONTENT_CONTAINS_SWIFT = YES;
				INFOPLIST_FILE = "$(SRCROOT)/TransitionTreasuryDemo/Info.plist";
				IPHONEOS_DEPLOYMENT_TARGET = 8.0;
				LD_RUNPATH_SEARCH_PATHS = "$(inherited) @executable_path/Frameworks";
				PRODUCT_BUNDLE_IDENTIFIER = com.transitiontreasury.TransitionTreasuryDemo;
				PRODUCT_NAME = "$(TARGET_NAME)";
				PROVISIONING_PROFILE = "";
			};
			name = Debug;
		};
		26FE2CD61C26D80C005F4DDC /* Release */ = {
			isa = XCBuildConfiguration;
			buildSettings = {
				ASSETCATALOG_COMPILER_APPICON_NAME = AppIcon;
				CODE_SIGN_IDENTITY = "iPhone Developer";
				"CODE_SIGN_IDENTITY[sdk=iphoneos*]" = "iPhone Developer";
				EMBEDDED_CONTENT_CONTAINS_SWIFT = YES;
				INFOPLIST_FILE = "$(SRCROOT)/TransitionTreasuryDemo/Info.plist";
				IPHONEOS_DEPLOYMENT_TARGET = 8.0;
				LD_RUNPATH_SEARCH_PATHS = "$(inherited) @executable_path/Frameworks";
				PRODUCT_BUNDLE_IDENTIFIER = com.transitiontreasury.TransitionTreasuryDemo;
				PRODUCT_NAME = "$(TARGET_NAME)";
				PROVISIONING_PROFILE = "";
			};
			name = Release;
		};
/* End XCBuildConfiguration section */

/* Begin XCConfigurationList section */
		260B38981C4A907900835CDC /* Build configuration list for PBXNativeTarget "TransitionTreasuryTabBarDemo" */ = {
			isa = XCConfigurationList;
			buildConfigurations = (
				260B38961C4A907900835CDC /* Debug */,
				260B38971C4A907900835CDC /* Release */,
			);
			defaultConfigurationIsVisible = 0;
			defaultConfigurationName = Release;
		};
		263B43961C32E6BD0093593E /* Build configuration list for PBXNativeTarget "TransitionTreasury" */ = {
			isa = XCConfigurationList;
			buildConfigurations = (
				263B43971C32E6BD0093593E /* Debug */,
				263B43981C32E6BD0093593E /* Release */,
			);
			defaultConfigurationIsVisible = 0;
			defaultConfigurationName = Release;
		};
		26FDFF1E1C33C4A600CB3995 /* Build configuration list for PBXNativeTarget "TransitionTreasuryTests" */ = {
			isa = XCConfigurationList;
			buildConfigurations = (
				26FDFF1C1C33C4A600CB3995 /* Debug */,
				26FDFF1D1C33C4A600CB3995 /* Release */,
			);
			defaultConfigurationIsVisible = 0;
			defaultConfigurationName = Release;
		};
		26FE2CBD1C26D80C005F4DDC /* Build configuration list for PBXProject "TransitionTreasury" */ = {
			isa = XCConfigurationList;
			buildConfigurations = (
				26FE2CD21C26D80C005F4DDC /* Debug */,
				26FE2CD31C26D80C005F4DDC /* Release */,
			);
			defaultConfigurationIsVisible = 0;
			defaultConfigurationName = Release;
		};
		26FE2CD41C26D80C005F4DDC /* Build configuration list for PBXNativeTarget "TransitionTreasuryDemo" */ = {
			isa = XCConfigurationList;
			buildConfigurations = (
				26FE2CD51C26D80C005F4DDC /* Debug */,
				26FE2CD61C26D80C005F4DDC /* Release */,
			);
			defaultConfigurationIsVisible = 0;
			defaultConfigurationName = Release;
		};
/* End XCConfigurationList section */
	};
	rootObject = 26FE2CBA1C26D80C005F4DDC /* Project object */;
}
