PODS:
  - TransitionAnimation (3.1.0):
    - TransitionTreasury (~> 3.1)
  - TransitionTreasury (3.1.0)

DEPENDENCIES:
  - TransitionAnimation (from `../`)
  - TransitionTreasury (from `../`)

EXTERNAL SOURCES:
  TransitionAnimation:
    :path: "../"
  TransitionTreasury:
    :path: "../"

SPEC CHECKSUMS:
  TransitionAnimation: 251fdfacdf1685b425b85355bf7ab50ce1a1bec0
  TransitionTreasury: d2e901181a157719d4b275638a40ca2d794bc601

PODFILE CHECKSUM: 36fb00f47bf76dbe81f1f623d46013eaf2345ab5

COCOAPODS: 1.1.0.rc.3
